
Microsoft Visual Studio Solution File, Format Version 12.00
# Visual Studio Version 16
VisualStudioVersion = 16.0.28822.285
MinimumVisualStudioVersion = 10.0.40219.1
Project("{FAE04EC0-301F-11D3-BF4B-00C04F79EFBC}") = "CSharpInDepth4", "CSharpInDepth4.csproj", "{000BC4E1-3BD8-4079-AA88-3DD4DF9FC9CF}"
EndProject
Project("{FAE04EC0-301F-11D3-BF4B-00C04F79EFBC}") = "CSharpInDepth4.Test", "..\CSharpInDepth4.Test\CSharpInDepth4.Test.csproj", "{D9CD7F16-8C0F-4F4E-B61E-80297B8C778B}"
EndProject
Global
	GlobalSection(SolutionConfigurationPlatforms) = preSolution
		Debug|Any CPU = Debug|Any CPU
		Release|Any CPU = Release|Any CPU
	EndGlobalSection
	GlobalSection(ProjectConfigurationPlatforms) = postSolution
		{000BC4E1-3BD8-4079-AA88-3DD4DF9FC9CF}.Debug|Any CPU.ActiveCfg = Debug|Any CPU
		{000BC4E1-3BD8-4079-AA88-3DD4DF9FC9CF}.Debug|Any CPU.Build.0 = Debug|Any CPU
		{000BC4E1-3BD8-4079-AA88-3DD4DF9FC9CF}.Release|Any CPU.ActiveCfg = Release|Any CPU
		{000BC4E1-3BD8-4079-AA88-3DD4DF9FC9CF}.Release|Any CPU.Build.0 = Release|Any CPU
		{D9CD7F16-8C0F-4F4E-B61E-80297B8C778B}.Debug|Any CPU.ActiveCfg = Debug|Any CPU
		{D9CD7F16-8C0F-4F4E-B61E-80297B8C778B}.Debug|Any CPU.Build.0 = Debug|Any CPU
		{D9CD7F16-8C0F-4F4E-B61E-80297B8C778B}.Release|Any CPU.ActiveCfg = Release|Any CPU
		{D9CD7F16-8C0F-4F4E-B61E-80297B8C778B}.Release|Any CPU.Build.0 = Release|Any CPU
	EndGlobalSection
	GlobalSection(SolutionProperties) = preSolution
		HideSolutionNode = FALSE
	EndGlobalSection
	GlobalSection(ExtensibilityGlobals) = postSolution
		SolutionGuid = {1444CCED-16E0-4889-9238-3F8A2FAA8ACD}
	EndGlobalSection
EndGlobal
